<?xml version="1.0" encoding="utf-8"?>
<Project ToolsVersion="4.0" xmlns="http://schemas.microsoft.com/developer/msbuild/2003">
  <ItemGroup>
    <Filter Include="2. Storages">
      <UniqueIdentifier>{93995380-89BD-4b04-88EB-625FBE52EBFB}</UniqueIdentifier>
      <Extensions>h;hpp;hxx;hm;inl;inc;xsd</Extensions>
    </Filter>
    <Filter Include="3. Components">
      <UniqueIdentifier>{4FC737F1-C7A5-4376-A066-2A32D752A2FF}</UniqueIdentifier>
      <Extensions>cpp;c;cc;cxx;def;odl;idl;hpj;bat;asm;asmx</Extensions>
    </Filter>
    <Filter Include="4. Shaders">
      <UniqueIdentifier>{f0b6eb3d-9818-440f-b3de-0b1d4410eaba}</UniqueIdentifier>
    </Filter>
    <Filter Include="0. Headers">
      <UniqueIdentifier>{00cf05d5-bcb5-45e0-bf62-2d6c3f2bb360}</UniqueIdentifier>
    </Filter>
    <Filter Include="1. Sources">
      <UniqueIdentifier>{37784a7b-ddb6-4e46-9f5e-01d403f12919}</UniqueIdentifier>
    </Filter>
  </ItemGroup>
  <ItemGroup>
    <ClCompile Include="animation.cpp">
      <Filter>3. Components</Filter>
    </ClCompile>
    <ClCompile Include="camera.cpp">
      <Filter>3. Components</Filter>
    </ClCompile>
    <ClCompile Include="form.cpp">
      <Filter>3. Components</Filter>
    </ClCompile>
    <ClCompile Include="input.cpp">
      <Filter>3. Components</Filter>
    </ClCompile>
    <ClCompile Include="movement.cpp">
      <Filter>3. Components</Filter>
    </ClCompile>
    <ClCompile Include="settings.cpp">
      <Filter>3. Components</Filter>
    </ClCompile>
    <ClCompile Include="text.cpp">
      <Filter>3. Components</Filter>
    </ClCompile>
    <ClCompile Include="window.cpp">
      <Filter>3. Components</Filter>
    </ClCompile>
    <ClCompile Include="rendererforward.cpp">
      <Filter>3. Components</Filter>
    </ClCompile>
    <ClCompile Include="debug.cpp">
      <Filter>1. Sources</Filter>
    </ClCompile>
    <ClCompile Include="opengl.cpp">
      <Filter>1. Sources</Filter>
    </ClCompile>
    <ClCompile Include="main.cpp">
      <Filter>1. Sources</Filter>
    </ClCompile>
    <ClCompile Include="shaders.cpp">
      <Filter>1. Sources</Filter>
    </ClCompile>
    <ClCompile Include="shader.cpp">
      <Filter>3. Components</Filter>
    </ClCompile>
    <ClCompile Include="framebuffer.cpp">
      <Filter>3. Components</Filter>
    </ClCompile>
    <ClCompile Include="texture.cpp">
      <Filter>3. Components</Filter>
    </ClCompile>
    <ClCompile Include="mods.cpp">
      <Filter>3. Components</Filter>
    </ClCompile>
    <ClCompile Include="renderer.cpp">
      <Filter>3. Components</Filter>
    </ClCompile>
    <ClCompile Include="pipeline.cpp">
      <Filter>3. Components</Filter>
    </ClCompile>
  </ItemGroup>
  <ItemGroup>
    <ClInclude Include="animation.h">
      <Filter>2. Storages</Filter>
    </ClInclude>
    <ClInclude Include="camera.h">
      <Filter>2. Storages</Filter>
    </ClInclude>
    <ClInclude Include="form.h">
      <Filter>2. Storages</Filter>
    </ClInclude>
    <ClInclude Include="movement.h">
      <Filter>2. Storages</Filter>
    </ClInclude>
    <ClInclude Include="settings.h">
      <Filter>2. Storages</Filter>
    </ClInclude>
    <ClInclude Include="text.h">
      <Filter>2. Storages</Filter>
    </ClInclude>
    <ClInclude Include="transform.h">
      <Filter>2. Storages</Filter>
    </ClInclude>
    <ClInclude Include="system.h">
      <Filter>0. Headers</Filter>
    </ClInclude>
    <ClInclude Include="debug.h">
      <Filter>0. Headers</Filter>
    </ClInclude>
    <ClInclude Include="opengl.h">
      <Filter>0. Headers</Filter>
    </ClInclude>
    <ClInclude Include="shaders.h">
      <Filter>0. Headers</Filter>
    </ClInclude>
    <ClInclude Include="keyboard.h">
      <Filter>0. Headers</Filter>
    </ClInclude>
    <ClInclude Include="shader.h">
      <Filter>2. Storages</Filter>
    </ClInclude>
    <ClInclude Include="framebuffer.h">
      <Filter>2. Storages</Filter>
    </ClInclude>
    <ClInclude Include="texture.h">
      <Filter>2. Storages</Filter>
    </ClInclude>
  </ItemGroup>
  <ItemGroup>
    <None Include="shader\antialiasing.frag">
      <Filter>4. Shaders</Filter>
    </None>
    <None Include="shader\basic.frag">
      <Filter>4. Shaders</Filter>
    </None>
    <None Include="shader\basic.vert">
      <Filter>4. Shaders</Filter>
    </None>
    <None Include="shader\forms.frag">
      <Filter>4. Shaders</Filter>
    </None>
    <None Include="shader\forms.vert">
      <Filter>4. Shaders</Filter>
    </None>
    <None Include="shader\light.frag">
      <Filter>4. Shaders</Filter>
    </None>
    <None Include="shader\quad.vert">
      <Filter>4. Shaders</Filter>
    </None>
    <None Include="shader\screen.frag">
      <Filter>4. Shaders</Filter>
    </None>
    <None Include="shader\occlusion.frag">
      <Filter>4. Shaders</Filter>
    </None>
    <None Include="shader\combine.frag">
      <Filter>4. Shaders</Filter>
    </None>
  </ItemGroup>
</Project>