<?xml version="1.0" encoding="utf-8"?>
<Project ToolsVersion="4.0" xmlns="http://schemas.microsoft.com/developer/msbuild/2003">
  <ItemGroup>
    <Filter Include="camera">
      <UniqueIdentifier>{5a5c0e9f-0b1c-43de-9846-2a08e62f22f1}</UniqueIdentifier>
    </Filter>
    <Filter Include="input">
      <UniqueIdentifier>{d22d5133-c29e-4764-bb17-d75cc1228378}</UniqueIdentifier>
    </Filter>
    <Filter Include="interface">
      <UniqueIdentifier>{2a033122-84c1-441e-b304-5ae7e72ef551}</UniqueIdentifier>
    </Filter>
    <Filter Include="model">
      <UniqueIdentifier>{bc4eb0b8-a82f-4a80-8a7b-122f04e48323}</UniqueIdentifier>
    </Filter>
    <Filter Include="model\material">
      <UniqueIdentifier>{b0c5005b-7785-438a-b5d5-e8f6e2c6f826}</UniqueIdentifier>
    </Filter>
    <Filter Include="model\mesh">
      <UniqueIdentifier>{0aa1bf98-0d3e-4a62-ad38-7c838749181a}</UniqueIdentifier>
    </Filter>
    <Filter Include="model\texture">
      <UniqueIdentifier>{2a7d6224-e017-4bc9-9dbc-53bc4bd44676}</UniqueIdentifier>
    </Filter>
    <Filter Include="physic">
      <UniqueIdentifier>{fa7bd3d7-3637-4b41-9082-3a31cf3de2d1}</UniqueIdentifier>
    </Filter>
    <Filter Include="renderer">
      <UniqueIdentifier>{19c3ca19-31d8-4175-8a91-1196bfe0f629}</UniqueIdentifier>
    </Filter>
    <Filter Include="renderer\shader">
      <UniqueIdentifier>{24a0b306-e3f0-438f-8296-ff1b3787b768}</UniqueIdentifier>
    </Filter>
    <Filter Include="settings">
      <UniqueIdentifier>{883db618-8abf-4916-885e-47faeea539c3}</UniqueIdentifier>
    </Filter>
    <Filter Include="interface\text">
      <UniqueIdentifier>{accc5f3a-5441-43b6-8a80-c580a1c5e799}</UniqueIdentifier>
    </Filter>
    <Filter Include="window">
      <UniqueIdentifier>{4c051fd7-69f0-4e2a-8034-515bf93ed3e7}</UniqueIdentifier>
    </Filter>
    <Filter Include="storage">
      <UniqueIdentifier>{153d5050-398b-4c4c-ad7e-23f239bcd1d0}</UniqueIdentifier>
    </Filter>
    <Filter Include="mod">
      <UniqueIdentifier>{b5900934-b0be-4d79-9923-857ea751353c}</UniqueIdentifier>
    </Filter>
    <Filter Include="console">
      <UniqueIdentifier>{a71daff9-37a8-4f78-b3ef-6e29c1bc1b12}</UniqueIdentifier>
    </Filter>
    <Filter Include="physic\shader">
      <UniqueIdentifier>{11544af3-2c25-411d-a224-c35eb23e0918}</UniqueIdentifier>
    </Filter>
    <Filter Include="person">
      <UniqueIdentifier>{b83a8f44-1cf5-429f-b7a1-42cf450f2f3a}</UniqueIdentifier>
    </Filter>
  </ItemGroup>
  <ItemGroup>
    <ClCompile Include="Application\renderer\framebuffer.cpp">
      <Filter>renderer</Filter>
    </ClCompile>
    <ClCompile Include="Application\renderer\shader.cpp">
      <Filter>renderer</Filter>
    </ClCompile>
    <ClCompile Include="Application\main.cpp" />
    <ClCompile Include="Application\renderer\draw.cpp">
      <Filter>renderer</Filter>
    </ClCompile>
    <ClCompile Include="Application\model\mesh.cpp">
      <Filter>model</Filter>
    </ClCompile>
    <ClCompile Include="Application\model\material.cpp">
      <Filter>model</Filter>
    </ClCompile>
    <ClCompile Include="Application\model\texture.cpp">
      <Filter>model</Filter>
    </ClCompile>
    <ClCompile Include="Application\renderer\passes.cpp">
      <Filter>renderer</Filter>
    </ClCompile>
    <ClCompile Include="Application\renderer\effect.cpp">
      <Filter>renderer</Filter>
    </ClCompile>
    <ClCompile Include="Application\physic\debug.cpp">
      <Filter>physic</Filter>
    </ClCompile>
    <ClCompile Include="Application\camera\create.cpp">
      <Filter>camera</Filter>
    </ClCompile>
    <ClCompile Include="Application\camera\control.cpp">
      <Filter>camera</Filter>
    </ClCompile>
    <ClCompile Include="Application\camera\calculate.cpp">
      <Filter>camera</Filter>
    </ClCompile>
    <ClCompile Include="Application\camera\state.cpp">
      <Filter>camera</Filter>
    </ClCompile>
    <ClCompile Include="Application\person\ground.cpp">
      <Filter>person</Filter>
    </ClCompile>
    <ClCompile Include="Application\person\movement.cpp">
      <Filter>person</Filter>
    </ClCompile>
    <ClCompile Include="Application\camera\general.cpp">
      <Filter>camera</Filter>
    </ClCompile>
    <ClCompile Include="Application\person\general.cpp">
      <Filter>person</Filter>
    </ClCompile>
    <ClCompile Include="Application\interface\draw.cpp">
      <Filter>interface</Filter>
    </ClCompile>
    <ClCompile Include="Application\mod\general.cpp">
      <Filter>mod</Filter>
    </ClCompile>
    <ClCompile Include="Application\interface\general.cpp">
      <Filter>interface</Filter>
    </ClCompile>
    <ClCompile Include="Application\input\general.cpp">
      <Filter>input</Filter>
    </ClCompile>
    <ClCompile Include="Application\console\general.cpp">
      <Filter>console</Filter>
    </ClCompile>
    <ClCompile Include="Application\console\callbacks.cpp">
      <Filter>console</Filter>
    </ClCompile>
    <ClCompile Include="Application\console\history.cpp">
      <Filter>console</Filter>
    </ClCompile>
    <ClCompile Include="Application\window\create.cpp">
      <Filter>window</Filter>
    </ClCompile>
    <ClCompile Include="Application\window\general.cpp">
      <Filter>window</Filter>
    </ClCompile>
    <ClCompile Include="Application\settings\general.cpp">
      <Filter>settings</Filter>
    </ClCompile>
    <ClCompile Include="Application\person\create.cpp">
      <Filter>person</Filter>
    </ClCompile>
    <ClCompile Include="Application\physic\general.cpp">
      <Filter>physic</Filter>
    </ClCompile>
    <ClCompile Include="Application\renderer\general.cpp">
      <Filter>renderer</Filter>
    </ClCompile>
    <ClCompile Include="Application\model\general.cpp">
      <Filter>model</Filter>
    </ClCompile>
    <ClCompile Include="Application\model\body.cpp">
      <Filter>model</Filter>
    </ClCompile>
    <ClCompile Include="Application\model\callbacks.cpp">
      <Filter>model</Filter>
    </ClCompile>
    <ClCompile Include="Application\model\create.cpp">
      <Filter>model</Filter>
    </ClCompile>
  </ItemGroup>
  <ItemGroup>
    <ClInclude Include="Application\storage\camera.h">
      <Filter>storage</Filter>
    </ClInclude>
    <ClInclude Include="Application\storage\light.h">
      <Filter>storage</Filter>
    </ClInclude>
    <ClInclude Include="Application\storage\settings.h">
      <Filter>storage</Filter>
    </ClInclude>
    <ClInclude Include="Application\storage\text.h">
      <Filter>storage</Filter>
    </ClInclude>
    <ClInclude Include="Application\storage\transform.h">
      <Filter>storage</Filter>
    </ClInclude>
    <ClInclude Include="Application\system.h" />
    <ClInclude Include="Application\storage\model.h">
      <Filter>storage</Filter>
    </ClInclude>
    <ClInclude Include="Application\renderer\module.h">
      <Filter>renderer</Filter>
    </ClInclude>
    <ClInclude Include="Application\model\module.h">
      <Filter>model</Filter>
    </ClInclude>
    <ClInclude Include="Application\input\module.h">
      <Filter>input</Filter>
    </ClInclude>
    <ClInclude Include="Application\camera\module.h">
      <Filter>camera</Filter>
    </ClInclude>
    <ClInclude Include="Application\interface\module.h">
      <Filter>interface</Filter>
    </ClInclude>
    <ClInclude Include="Application\physic\module.h">
      <Filter>physic</Filter>
    </ClInclude>
    <ClInclude Include="Application\settings\module.h">
      <Filter>settings</Filter>
    </ClInclude>
    <ClInclude Include="Application\window\module.h">
      <Filter>window</Filter>
    </ClInclude>
    <ClInclude Include="Application\mod\module.h">
      <Filter>mod</Filter>
    </ClInclude>
    <ClInclude Include="Application\console\module.h">
      <Filter>console</Filter>
    </ClInclude>
    <ClInclude Include="Application\person\module.h">
      <Filter>person</Filter>
    </ClInclude>
    <ClInclude Include="Application\storage\person.h">
      <Filter>storage</Filter>
    </ClInclude>
  </ItemGroup>
  <ItemGroup>
    <None Include="Application\model\init.js">
      <Filter>model</Filter>
    </None>
    <None Include="Application\model\update.js">
      <Filter>model</Filter>
    </None>
    <None Include="Application\model\material\barrel.mtl">
      <Filter>model\material</Filter>
    </None>
    <None Include="Application\model\material\chess.mtl">
      <Filter>model\material</Filter>
    </None>
    <None Include="Application\model\material\dirt.mtl">
      <Filter>model\material</Filter>
    </None>
    <None Include="Application\model\material\grass.mtl">
      <Filter>model\material</Filter>
    </None>
    <None Include="Application\model\material\magic.mtl">
      <Filter>model\material</Filter>
    </None>
    <None Include="Application\model\material\rock.mtl">
      <Filter>model\material</Filter>
    </None>
    <None Include="Application\model\material\shrine.mtl">
      <Filter>model\material</Filter>
    </None>
    <None Include="Application\model\mesh\barrel.3ds">
      <Filter>model\mesh</Filter>
    </None>
    <None Include="Application\model\mesh\shrine.3ds">
      <Filter>model\mesh</Filter>
    </None>
    <None Include="Application\renderer\shader\antialiasing.frag">
      <Filter>renderer\shader</Filter>
    </None>
    <None Include="Application\renderer\shader\apply.frag">
      <Filter>renderer\shader</Filter>
    </None>
    <None Include="Application\renderer\shader\combine.frag">
      <Filter>renderer\shader</Filter>
    </None>
    <None Include="Application\renderer\shader\forms.frag">
      <Filter>renderer\shader</Filter>
    </None>
    <None Include="Application\renderer\shader\forms.vert">
      <Filter>renderer\shader</Filter>
    </None>
    <None Include="Application\renderer\shader\light.frag">
      <Filter>renderer\shader</Filter>
    </None>
    <None Include="Application\renderer\shader\occlusion.frag">
      <Filter>renderer\shader</Filter>
    </None>
    <None Include="Application\renderer\shader\quad.vert">
      <Filter>renderer\shader</Filter>
    </None>
    <None Include="Application\renderer\shader\screen.frag">
      <Filter>renderer\shader</Filter>
    </None>
    <None Include="Application\renderer\shader\edge.frag">
      <Filter>renderer\shader</Filter>
    </None>
    <None Include="Application\renderer\shader\blur_u.frag">
      <Filter>renderer\shader</Filter>
    </None>
    <None Include="Application\renderer\shader\blur_v.frag">
      <Filter>renderer\shader</Filter>
    </None>
    <None Include="Application\mod\init.js">
      <Filter>mod</Filter>
    </None>
    <None Include="Application\physic\shader\shader.frag">
      <Filter>physic\shader</Filter>
    </None>
    <None Include="Application\physic\shader\shader.vert">
      <Filter>physic\shader</Filter>
    </None>
  </ItemGroup>
  <ItemGroup>
    <Image Include="Application\model\texture\grass.jpg">
      <Filter>model\texture</Filter>
    </Image>
    <Image Include="Application\model\texture\magic.jpg">
      <Filter>model\texture</Filter>
    </Image>
    <Image Include="Application\model\texture\noise.png">
      <Filter>model\texture</Filter>
    </Image>
    <Image Include="Application\model\texture\rock.jpg">
      <Filter>model\texture</Filter>
    </Image>
    <Image Include="Application\model\texture\shrine_d.jpg">
      <Filter>model\texture</Filter>
    </Image>
    <Image Include="Application\model\texture\shrine_n.jpg">
      <Filter>model\texture</Filter>
    </Image>
    <Image Include="Application\model\texture\barrel_d.jpg">
      <Filter>model\texture</Filter>
    </Image>
    <Image Include="Application\model\texture\barrel_n.jpg">
      <Filter>model\texture</Filter>
    </Image>
    <Image Include="Application\model\texture\bottom.jpg">
      <Filter>model\texture</Filter>
    </Image>
    <Image Include="Application\model\texture\dirt.jpg">
      <Filter>model\texture</Filter>
    </Image>
  </ItemGroup>
  <ItemGroup>
    <Font Include="Application\interface\text\source.ttf">
      <Filter>interface\text</Filter>
    </Font>
  </ItemGroup>
</Project>