
Microsoft Visual Studio Solution File, Format Version 12.00
# Visual Studio 2012
Project("{8BC9CEB8-8B4A-11D0-8D11-00A0C91BC942}") = "project", "project.vcxproj", "{C29B5F02-3BB9-4096-997A-6A99663E1DDA}"
EndProject
Global
	GlobalSection(SolutionConfigurationPlatforms) = preSolution
		Debug|Win32 = Debug|Win32
		Release|Win32 = Release|Win32
	EndGlobalSection
	GlobalSection(ProjectConfigurationPlatforms) = postSolution
		{C29B5F02-3BB9-4096-997A-6A99663E1DDA}.Debug|Win32.ActiveCfg = Debug|Win32
		{C29B5F02-3BB9-4096-997A-6A99663E1DDA}.Debug|Win32.Build.0 = Debug|Win32
		{C29B5F02-3BB9-4096-997A-6A99663E1DDA}.Release|Win32.ActiveCfg = Release|Win32
		{C29B5F02-3BB9-4096-997A-6A99663E1DDA}.Release|Win32.Build.0 = Release|Win32
	EndGlobalSection
	GlobalSection(SolutionProperties) = preSolution
		HideSolutionNode = FALSE
	EndGlobalSection
EndGlobal
